# THIS IS AN AUTOGENERATED FILE. DO NOT EDIT THIS FILE DIRECTLY.
# yarn lockfile v1


cookie@^0.3.1:
  version "0.3.1"
  resolved "https://registry.yarnpkg.com/cookie/-/cookie-0.3.1.tgz#e7e0a1f9ef43b4c8ba925c5c5a96e806d16873bb"
  integrity sha1-5+Ch+e9DtMi6klxcWpboBtFoc7s=

mustache@^3.0.0:
  version "3.0.3"
  resolved "https://registry.yarnpkg.com/mustache/-/mustache-3.0.3.tgz#ee4fb971887fa6cc1b6b6d219a74b5e3c7535f32"
  integrity sha512-vM5FkMHamTYmVYeAujypihuPrJQDtaUIlKeeVb1AMJ73OZLtWiF7GprqrjxD0gJWT53W9JfqXxf97nXQjMQkqA==

nodemailer@^6.3.0:
  version "6.3.0"
  resolved "https://registry.yarnpkg.com/nodemailer/-/nodemailer-6.3.0.tgz#a89b0c62d3937bdcdeecbf55687bd7911b627e12"
  integrity sha512-TEHBNBPHv7Ie/0o3HXnb7xrPSSQmH1dXwQKRaMKDBGt/ZN54lvDVujP6hKkO/vjkIYL9rK8kHSG11+G42Nhxuw==

stack-trace@0.0.10:
  version "0.0.10"
  resolved "https://registry.yarnpkg.com/stack-trace/-/stack-trace-0.0.10.tgz#547c70b347e8d32b4e108ea1a2a159e5fdde19c0"
  integrity sha1-VHxws0fo0ytOEI6hoqFZ5f3eGcA=

youch@^2.0.10:
  version "2.0.10"
  resolved "https://registry.yarnpkg.com/youch/-/youch-2.0.10.tgz#e0f6312b12304fd330a0c4a0e0925b0123f7d495"
  integrity sha512-qPLQW2TuwlcK9sm5i1Gbb9ezRZRZyzr6NsY5cqxsbh+2iEyKPxLlz0OSAc+pQ7mv1pYZLri1MXynggP6R2FcNQ==
  dependencies:
    cookie "^0.3.1"
    mustache "^3.0.0"
    stack-trace "0.0.10"
